// !$*UTF8*$!
{
	archiveVersion = 1;
	classes = {
	};
	objectVersion = 48;
	objects = {

/* Begin PBXBuildFile section */
		6F6F03091FC60EA6004E69D2 /* AppDelegate.m in Sources */ = {isa = PBXBuildFile; fileRef = 6F6F03081FC60EA6004E69D2 /* AppDelegate.m */; };
		6F6F030C1FC60EA6004E69D2 /* ViewController.m in Sources */ = {isa = PBXBuildFile; fileRef = 6F6F030B1FC60EA6004E69D2 /* ViewController.m */; };
		6F6F030F1FC60EA6004E69D2 /* Main.storyboard in Resources */ = {isa = PBXBuildFile; fileRef = 6F6F030D1FC60EA6004E69D2 /* Main.storyboard */; };
		6F6F03111FC60EA6004E69D2 /* Assets.xcassets in Resources */ = {isa = PBXBuildFile; fileRef = 6F6F03101FC60EA6004E69D2 /* Assets.xcassets */; };
		6F6F03141FC60EA6004E69D2 /* LaunchScreen.storyboard in Resources */ = {isa = PBXBuildFile; fileRef = 6F6F03121FC60EA6004E69D2 /* LaunchScreen.storyboard */; };
		6F6F03171FC60EA6004E69D2 /* main.m in Sources */ = {isa = PBXBuildFile; fileRef = 6F6F03161FC60EA6004E69D2 /* main.m */; };
		6F6F03211FC610CC004E69D2 /* libsqlite3.tbd in Frameworks */ = {isa = PBXBuildFile; fileRef = 6F6F03201FC610A9004E69D2 /* libsqlite3.tbd */; };
		6F6F03241FC6140E004E69D2 /* StudentInfo.m in Sources */ = {isa = PBXBuildFile; fileRef = 6F6F03231FC6140E004E69D2 /* StudentInfo.m */; };
		6F6F03261FC61E70004E69D2 /* MyStudents.db in Resources */ = {isa = PBXBuildFile; fileRef = 6F6F03251FC61E6F004E69D2 /* MyStudents.db */; };
/* End PBXBuildFile section */

/* Begin PBXFileReference section */
		6F6F03041FC60EA6004E69D2 /* HW03-SchwartzMatthew.app */ = {isa = PBXFileReference; explicitFileType = wrapper.application; includeInIndex = 0; path = "HW03-SchwartzMatthew.app"; sourceTree = BUILT_PRODUCTS_DIR; };
		6F6F03071FC60EA6004E69D2 /* AppDelegate.h */ = {isa = PBXFileReference; lastKnownFileType = sourcecode.c.h; path = AppDelegate.h; sourceTree = "<group>"; };
		6F6F03081FC60EA6004E69D2 /* AppDelegate.m */ = {isa = PBXFileReference; lastKnownFileType = sourcecode.c.objc; path = AppDelegate.m; sourceTree = "<group>"; };
		6F6F030A1FC60EA6004E69D2 /* ViewController.h */ = {isa = PBXFileReference; lastKnownFileType = sourcecode.c.h; path = ViewController.h; sourceTree = "<group>"; };
		6F6F030B1FC60EA6004E69D2 /* ViewController.m */ = {isa = PBXFileReference; lastKnownFileType = sourcecode.c.objc; path = ViewController.m; sourceTree = "<group>"; };
		6F6F030E1FC60EA6004E69D2 /* Base */ = {isa = PBXFileReference; lastKnownFileType = file.storyboard; name = Base; path = Base.lproj/Main.storyboard; sourceTree = "<group>"; };
		6F6F03101FC60EA6004E69D2 /* Assets.xcassets */ = {isa = PBXFileReference; lastKnownFileType = folder.assetcatalog; path = Assets.xcassets; sourceTree = "<group>"; };
		6F6F03131FC60EA6004E69D2 /* Base */ = {isa = PBXFileReference; lastKnownFileType = file.storyboard; name = Base; path = Base.lproj/LaunchScreen.storyboard; sourceTree = "<group>"; };
		6F6F03151FC60EA6004E69D2 /* Info.plist */ = {isa = PBXFileReference; lastKnownFileType = text.plist.xml; path = Info.plist; sourceTree = "<group>"; };
		6F6F03161FC60EA6004E69D2 /* main.m */ = {isa = PBXFileReference; lastKnownFileType = sourcecode.c.objc; path = main.m; sourceTree = "<group>"; };
		6F6F03201FC610A9004E69D2 /* libsqlite3.tbd */ = {isa = PBXFileReference; lastKnownFileType = "sourcecode.text-based-dylib-definition"; name = libsqlite3.tbd; path = usr/lib/libsqlite3.tbd; sourceTree = SDKROOT; };
		6F6F03221FC6140E004E69D2 /* StudentInfo.h */ = {isa = PBXFileReference; lastKnownFileType = sourcecode.c.h; path = StudentInfo.h; sourceTree = "<group>"; };
		6F6F03231FC6140E004E69D2 /* StudentInfo.m */ = {isa = PBXFileReference; lastKnownFileType = sourcecode.c.objc; path = StudentInfo.m; sourceTree = "<group>"; };
		6F6F03251FC61E6F004E69D2 /* MyStudents.db */ = {isa = PBXFileReference; lastKnownFileType = file; name = MyStudents.db; path = ../../../../../../Desktop/MyStudents.db; sourceTree = "<group>"; };
/* End PBXFileReference section */

/* Begin PBXFrameworksBuildPhase section */
		6F6F03011FC60EA6004E69D2 /* Frameworks */ = {
			isa = PBXFrameworksBuildPhase;
			buildActionMask = 2147483647;
			files = (
				6F6F03211FC610CC004E69D2 /* libsqlite3.tbd in Frameworks */,
			);
			runOnlyForDeploymentPostprocessing = 0;
		};
/* End PBXFrameworksBuildPhase section */

/* Begin PBXGroup section */
		6F6F02FB1FC60EA5004E69D2 = {
			isa = PBXGroup;
			children = (
				6F6F03061FC60EA6004E69D2 /* HW03-SchwartzMatthew */,
				6F6F03051FC60EA6004E69D2 /* Products */,
				6F6F031F1FC610A9004E69D2 /* Frameworks */,
			);
			sourceTree = "<group>";
		};
		6F6F03051FC60EA6004E69D2 /* Products */ = {
			isa = PBXGroup;
			children = (
				6F6F03041FC60EA6004E69D2 /* HW03-SchwartzMatthew.app */,
			);
			name = Products;
			sourceTree = "<group>";
		};
		6F6F03061FC60EA6004E69D2 /* HW03-SchwartzMatthew */ = {
			isa = PBXGroup;
			children = (
				6F6F03251FC61E6F004E69D2 /* MyStudents.db */,
				6F6F03071FC60EA6004E69D2 /* AppDelegate.h */,
				6F6F03081FC60EA6004E69D2 /* AppDelegate.m */,
				6F6F030A1FC60EA6004E69D2 /* ViewController.h */,
				6F6F030B1FC60EA6004E69D2 /* ViewController.m */,
				6F6F030D1FC60EA6004E69D2 /* Main.storyboard */,
				6F6F03101FC60EA6004E69D2 /* Assets.xcassets */,
				6F6F03121FC60EA6004E69D2 /* LaunchScreen.storyboard */,
				6F6F03151FC60EA6004E69D2 /* Info.plist */,
				6F6F03161FC60EA6004E69D2 /* main.m */,
				6F6F03221FC6140E004E69D2 /* StudentInfo.h */,
				6F6F03231FC6140E004E69D2 /* StudentInfo.m */,
			);
			path = "HW03-SchwartzMatthew";
			sourceTree = "<group>";
		};
		6F6F031F1FC610A9004E69D2 /* Frameworks */ = {
			isa = PBXGroup;
			children = (
				6F6F03201FC610A9004E69D2 /* libsqlite3.tbd */,
			);
			name = Frameworks;
			sourceTree = "<group>";
		};
/* End PBXGroup section */

/* Begin PBXNativeTarget section */
		6F6F03031FC60EA6004E69D2 /* HW03-SchwartzMatthew */ = {
			isa = PBXNativeTarget;
			buildConfigurationList = 6F6F031A1FC60EA6004E69D2 /* Build configuration list for PBXNativeTarget "HW03-SchwartzMatthew" */;
			buildPhases = (
				6F6F03001FC60EA6004E69D2 /* Sources */,
				6F6F03011FC60EA6004E69D2 /* Frameworks */,
				6F6F03021FC60EA6004E69D2 /* Resources */,
			);
			buildRules = (
			);
			dependencies = (
			);
			name = "HW03-SchwartzMatthew";
			productName = "HW03-SchwartzMatthew";
			productReference = 6F6F03041FC60EA6004E69D2 /* HW03-SchwartzMatthew.app */;
			productType = "com.apple.product-type.application";
		};
/* End PBXNativeTarget section */

/* Begin PBXProject section */
		6F6F02FC1FC60EA5004E69D2 /* Project object */ = {
			isa = PBXProject;
			attributes = {
				LastUpgradeCheck = 0900;
				ORGANIZATIONNAME = "Matthew Schwartz";
				TargetAttributes = {
					6F6F03031FC60EA6004E69D2 = {
						CreatedOnToolsVersion = 9.0.1;
						ProvisioningStyle = Automatic;
					};
				};
			};
			buildConfigurationList = 6F6F02FF1FC60EA5004E69D2 /* Build configuration list for PBXProject "HW03-SchwartzMatthew" */;
			compatibilityVersion = "Xcode 8.0";
			developmentRegion = en;
			hasScannedForEncodings = 0;
			knownRegions = (
				en,
				Base,
			);
			mainGroup = 6F6F02FB1FC60EA5004E69D2;
			productRefGroup = 6F6F03051FC60EA6004E69D2 /* Products */;
			projectDirPath = "";
			projectRoot = "";
			targets = (
				6F6F03031FC60EA6004E69D2 /* HW03-SchwartzMatthew */,
			);
		};
/* End PBXProject section */

/* Begin PBXResourcesBuildPhase section */
		6F6F03021FC60EA6004E69D2 /* Resources */ = {
			isa = PBXResourcesBuildPhase;
			buildActionMask = 2147483647;
			files = (
				6F6F03141FC60EA6004E69D2 /* LaunchScreen.storyboard in Resources */,
				6F6F03261FC61E70004E69D2 /* MyStudents.db in Resources */,
				6F6F03111FC60EA6004E69D2 /* Assets.xcassets in Resources */,
				6F6F030F1FC60EA6004E69D2 /* Main.storyboard in Resources */,
			);
			runOnlyForDeploymentPostprocessing = 0;
		};
/* End PBXResourcesBuildPhase section */

/* Begin PBXSourcesBuildPhase section */
		6F6F03001FC60EA6004E69D2 /* Sources */ = {
			isa = PBXSourcesBuildPhase;
			buildActionMask = 2147483647;
			files = (
				6F6F030C1FC60EA6004E69D2 /* ViewController.m in Sources */,
				6F6F03171FC60EA6004E69D2 /* main.m in Sources */,
				6F6F03091FC60EA6004E69D2 /* AppDelegate.m in Sources */,
				6F6F03241FC6140E004E69D2 /* StudentInfo.m in Sources */,
			);
			runOnlyForDeploymentPostprocessing = 0;
		};
/* End PBXSourcesBuildPhase section */

/* Begin PBXVariantGroup section */
		6F6F030D1FC60EA6004E69D2 /* Main.storyboard */ = {
			isa = PBXVariantGroup;
			children = (
				6F6F030E1FC60EA6004E69D2 /* Base */,
			);
			name = Main.storyboard;
			sourceTree = "<group>";
		};
		6F6F03121FC60EA6004E69D2 /* LaunchScreen.storyboard */ = {
			isa = PBXVariantGroup;
			children = (
				6F6F03131FC60EA6004E69D2 /* Base */,
			);
			name = LaunchScreen.storyboard;
			sourceTree = "<group>";
		};
/* End PBXVariantGroup section */

/* Begin XCBuildConfiguration section */
		6F6F03181FC60EA6004E69D2 /* Debug */ = {
			isa = XCBuildConfiguration;
			buildSettings = {
				ALWAYS_SEARCH_USER_PATHS = NO;
				CLANG_ANALYZER_NONNULL = YES;
				CLANG_ANALYZER_NUMBER_OBJECT_CONVERSION = YES_AGGRESSIVE;
				CLANG_CXX_LANGUAGE_STANDARD = "gnu++14";
				CLANG_CXX_LIBRARY = "libc++";
				CLANG_ENABLE_MODULES = YES;
				CLANG_ENABLE_OBJC_ARC = YES;
				CLANG_WARN_BLOCK_CAPTURE_AUTORELEASING = YES;
				CLANG_WARN_BOOL_CONVERSION = YES;
				CLANG_WARN_COMMA = YES;
				CLANG_WARN_CONSTANT_CONVERSION = YES;
				CLANG_WARN_DIRECT_OBJC_ISA_USAGE = YES_ERROR;
				CLANG_WARN_DOCUMENTATION_COMMENTS = YES;
				CLANG_WARN_EMPTY_BODY = YES;
				CLANG_WARN_ENUM_CONVERSION = YES;
				CLANG_WARN_INFINITE_RECURSION = YES;
				CLANG_WARN_INT_CONVERSION = YES;
				CLANG_WARN_NON_LITERAL_NULL_CONVERSION = YES;
				CLANG_WARN_OBJC_LITERAL_CONVERSION = YES;
				CLANG_WARN_OBJC_ROOT_CLASS = YES_ERROR;
				CLANG_WARN_RANGE_LOOP_ANALYSIS = YES;
				CLANG_WARN_STRICT_PROTOTYPES = YES;
				CLANG_WARN_SUSPICIOUS_MOVE = YES;
				CLANG_WARN_UNGUARDED_AVAILABILITY = YES_AGGRESSIVE;
				CLANG_WARN_UNREACHABLE_CODE = YES;
				CLANG_WARN__DUPLICATE_METHOD_MATCH = YES;
				CODE_SIGN_IDENTITY = "iPhone Developer";
				COPY_PHASE_STRIP = NO;
				DEBUG_INFORMATION_FORMAT = dwarf;
				ENABLE_STRICT_OBJC_MSGSEND = YES;
				ENABLE_TESTABILITY = YES;
				GCC_C_LANGUAGE_STANDARD = gnu11;
				GCC_DYNAMIC_NO_PIC = NO;
				GCC_NO_COMMON_BLOCKS = YES;
				GCC_OPTIMIZATION_LEVEL = 0;
				GCC_PREPROCESSOR_DEFINITIONS = (
					"DEBUG=1",
					"$(inherited)",
				);
				GCC_WARN_64_TO_32_BIT_CONVERSION = YES;
				GCC_WARN_ABOUT_RETURN_TYPE = YES_ERROR;
				GCC_WARN_UNDECLARED_SELECTOR = YES;
				GCC_WARN_UNINITIALIZED_AUTOS = YES_AGGRESSIVE;
				GCC_WARN_UNUSED_FUNCTION = YES;
				GCC_WARN_UNUSED_VARIABLE = YES;
				IPHONEOS_DEPLOYMENT_TARGET = 11.0;
				MTL_ENABLE_DEBUG_INFO = YES;
				ONLY_ACTIVE_ARCH = YES;
				SDKROOT = iphoneos;
			};
			name = Debug;
		};
		6F6F03191FC60EA6004E69D2 /* Release */ = {
			isa = XCBuildConfiguration;
			buildSettings = {
				ALWAYS_SEARCH_USER_PATHS = NO;
				CLANG_ANALYZER_NONNULL = YES;
				CLANG_ANALYZER_NUMBER_OBJECT_CONVERSION = YES_AGGRESSIVE;
				CLANG_CXX_LANGUAGE_STANDARD = "gnu++14";
				CLANG_CXX_LIBRARY = "libc++";
				CLANG_ENABLE_MODULES = YES;
				CLANG_ENABLE_OBJC_ARC = YES;
				CLANG_WARN_BLOCK_CAPTURE_AUTORELEASING = YES;
				CLANG_WARN_BOOL_CONVERSION = YES;
				CLANG_WARN_COMMA = YES;
				CLANG_WARN_CONSTANT_CONVERSION = YES;
				CLANG_WARN_DIRECT_OBJC_ISA_USAGE = YES_ERROR;
				CLANG_WARN_DOCUMENTATION_COMMENTS = YES;
				CLANG_WARN_EMPTY_BODY = YES;
				CLANG_WARN_ENUM_CONVERSION = YES;
				CLANG_WARN_INFINITE_RECURSION = YES;
				CLANG_WARN_INT_CONVERSION = YES;
				CLANG_WARN_NON_LITERAL_NULL_CONVERSION = YES;
				CLANG_WARN_OBJC_LITERAL_CONVERSION = YES;
				CLANG_WARN_OBJC_ROOT_CLASS = YES_ERROR;
				CLANG_WARN_RANGE_LOOP_ANALYSIS = YES;
				CLANG_WARN_STRICT_PROTOTYPES = YES;
				CLANG_WARN_SUSPICIOUS_MOVE = YES;
				CLANG_WARN_UNGUARDED_AVAILABILITY = YES_AGGRESSIVE;
				CLANG_WARN_UNREACHABLE_CODE = YES;
				CLANG_WARN__DUPLICATE_METHOD_MATCH = YES;
				CODE_SIGN_IDENTITY = "iPhone Developer";
				COPY_PHASE_STRIP = NO;
				DEBUG_INFORMATION_FORMAT = "dwarf-with-dsym";
				ENABLE_NS_ASSERTIONS = NO;
				ENABLE_STRICT_OBJC_MSGSEND = YES;
				GCC_C_LANGUAGE_STANDARD = gnu11;
				GCC_NO_COMMON_BLOCKS = YES;
				GCC_WARN_64_TO_32_BIT_CONVERSION = YES;
				GCC_WARN_ABOUT_RETURN_TYPE = YES_ERROR;
				GCC_WARN_UNDECLARED_SELECTOR = YES;
				GCC_WARN_UNINITIALIZED_AUTOS = YES_AGGRESSIVE;
				GCC_WARN_UNUSED_FUNCTION = YES;
				GCC_WARN_UNUSED_VARIABLE = YES;
				IPHONEOS_DEPLOYMENT_TARGET = 11.0;
				MTL_ENABLE_DEBUG_INFO = NO;
				SDKROOT = iphoneos;
				VALIDATE_PRODUCT = YES;
			};
			name = Release;
		};
		6F6F031B1FC60EA6004E69D2 /* Debug */ = {
			isa = XCBuildConfiguration;
			buildSettings = {
				ASSETCATALOG_COMPILER_APPICON_NAME = AppIcon;
				CODE_SIGN_STYLE = Automatic;
				DEVELOPMENT_TEAM = BTYVDH7D28;
				INFOPLIST_FILE = "HW03-SchwartzMatthew/Info.plist";
				LD_RUNPATH_SEARCH_PATHS = "$(inherited) @executable_path/Frameworks";
				PRODUCT_BUNDLE_IDENTIFIER = "Matthew-Schwartz.HW03-SchwartzMatthew";
				PRODUCT_NAME = "$(TARGET_NAME)";
				TARGETED_DEVICE_FAMILY = "1,2";
			};
			name = Debug;
		};
		6F6F031C1FC60EA6004E69D2 /* Release */ = {
			isa = XCBuildConfiguration;
			buildSettings = {
				ASSETCATALOG_COMPILER_APPICON_NAME = AppIcon;
				CODE_SIGN_STYLE = Automatic;
				DEVELOPMENT_TEAM = BTYVDH7D28;
				INFOPLIST_FILE = "HW03-SchwartzMatthew/Info.plist";
				LD_RUNPATH_SEARCH_PATHS = "$(inherited) @executable_path/Frameworks";
				PRODUCT_BUNDLE_IDENTIFIER = "Matthew-Schwartz.HW03-SchwartzMatthew";
				PRODUCT_NAME = "$(TARGET_NAME)";
				TARGETED_DEVICE_FAMILY = "1,2";
			};
			name = Release;
		};
/* End XCBuildConfiguration section */

/* Begin XCConfigurationList section */
		6F6F02FF1FC60EA5004E69D2 /* Build configuration list for PBXProject "HW03-SchwartzMatthew" */ = {
			isa = XCConfigurationList;
			buildConfigurations = (
				6F6F03181FC60EA6004E69D2 /* Debug */,
				6F6F03191FC60EA6004E69D2 /* Release */,
			);
			defaultConfigurationIsVisible = 0;
			defaultConfigurationName = Release;
		};
		6F6F031A1FC60EA6004E69D2 /* Build configuration list for PBXNativeTarget "HW03-SchwartzMatthew" */ = {
			isa = XCConfigurationList;
			buildConfigurations = (
				6F6F031B1FC60EA6004E69D2 /* Debug */,
				6F6F031C1FC60EA6004E69D2 /* Release */,
			);
			defaultConfigurationIsVisible = 0;
			defaultConfigurationName = Release;
		};
/* End XCConfigurationList section */
	};
	rootObject = 6F6F02FC1FC60EA5004E69D2 /* Project object */;
}
